
Microsoft Visual Studio Solution File, Format Version 12.00
# Visual Studio Version 16
VisualStudioVersion = 16.0.28803.352
MinimumVisualStudioVersion = 10.0.40219.1
Project("{FAE04EC0-301F-11D3-BF4B-00C04F79EFBC}") = "PersonalDesktopAssistant", "PersonalDesktopAssistant\PersonalDesktopAssistant.csproj", "{7D2797FF-05F0-4BBA-9B96-A06DD33B8DCB}"
EndProject
Global
	GlobalSection(SolutionConfigurationPlatforms) = preSolution
		Debug|Any CPU = Debug|Any CPU
		Release|Any CPU = Release|Any CPU
	EndGlobalSection
	GlobalSection(ProjectConfigurationPlatforms) = postSolution
		{7D2797FF-05F0-4BBA-9B96-A06DD33B8DCB}.Debug|Any CPU.ActiveCfg = Debug|Any CPU
		{7D2797FF-05F0-4BBA-9B96-A06DD33B8DCB}.Debug|Any CPU.Build.0 = Debug|Any CPU
		{7D2797FF-05F0-4BBA-9B96-A06DD33B8DCB}.Release|Any CPU.ActiveCfg = Release|Any CPU
		{7D2797FF-05F0-4BBA-9B96-A06DD33B8DCB}.Release|Any CPU.Build.0 = Release|Any CPU
	EndGlobalSection
	GlobalSection(SolutionProperties) = preSolution
		HideSolutionNode = FALSE
	EndGlobalSection
	GlobalSection(ExtensibilityGlobals) = postSolution
		SolutionGuid = {DCE5330E-C8BB-42CC-AD30-8E47FB1204FA}
	EndGlobalSection
EndGlobal
